
Microsoft Visual Studio Solution File, Format Version 12.00
# Visual Studio Version 17
VisualStudioVersion = 17.0.31903.59
MinimumVisualStudioVersion = 10.0.40219.1
Project("{FAE04EC0-301F-11D3-BF4B-00C04F79EFBC}") = "ChallengeEditor", "ChallengeEditor.csproj", "{A3BB3603-6438-4D99-992B-278CA8E54868}"
EndProject
Project("{FAE04EC0-301F-11D3-BF4B-00C04F79EFBC}") = "DlcBuilder.Core", "..\DlcBuilder.Core\DlcBuilder.Core.csproj", "{FEE1E01B-4A1F-41AF-B8B3-F596D9FFD00C}"
EndProject
Project("{FAE04EC0-301F-11D3-BF4B-00C04F79EFBC}") = "ArenaBuilder.Core", "..\ArenaBuilder Modular\src\ArenaBuilder.Core\ArenaBuilder.Core.csproj", "{83E1F4A1-DBC7-4BC9-9261-3C7DD1E184EC}"
EndProject
Project("{FAE04EC0-301F-11D3-BF4B-00C04F79EFBC}") = "ArenaBuilder.Collision", "..\ArenaBuilder Modular\src\ArenaBuilder.Collision\ArenaBuilder.Collision.csproj", "{1A3C88E2-C1F3-4254-95D5-65874ADCF14C}"
EndProject
Project("{FAE04EC0-301F-11D3-BF4B-00C04F79EFBC}") = "ArenaBuilder.Texture", "..\ArenaBuilder Modular\src\ArenaBuilder.Texture\ArenaBuilder.Texture.csproj", "{2EDF89D8-E151-4177-9113-86670257522C}"
EndProject
Global
	GlobalSection(SolutionConfigurationPlatforms) = preSolution
		Debug|Any CPU = Debug|Any CPU
		Debug|x64 = Debug|x64
		Debug|x86 = Debug|x86
		Release|Any CPU = Release|Any CPU
		Release|x64 = Release|x64
		Release|x86 = Release|x86
	EndGlobalSection
	GlobalSection(ProjectConfigurationPlatforms) = postSolution
		{A3BB3603-6438-4D99-992B-278CA8E54868}.Debug|Any CPU.ActiveCfg = Debug|Any CPU
		{A3BB3603-6438-4D99-992B-278CA8E54868}.Debug|Any CPU.Build.0 = Debug|Any CPU
		{A3BB3603-6438-4D99-992B-278CA8E54868}.Debug|x64.ActiveCfg = Debug|Any CPU
		{A3BB3603-6438-4D99-992B-278CA8E54868}.Debug|x64.Build.0 = Debug|Any CPU
		{A3BB3603-6438-4D99-992B-278CA8E54868}.Debug|x86.ActiveCfg = Debug|Any CPU
		{A3BB3603-6438-4D99-992B-278CA8E54868}.Debug|x86.Build.0 = Debug|Any CPU
		{A3BB3603-6438-4D99-992B-278CA8E54868}.Release|Any CPU.ActiveCfg = Release|Any CPU
		{A3BB3603-6438-4D99-992B-278CA8E54868}.Release|Any CPU.Build.0 = Release|Any CPU
		{A3BB3603-6438-4D99-992B-278CA8E54868}.Release|x64.ActiveCfg = Release|Any CPU
		{A3BB3603-6438-4D99-992B-278CA8E54868}.Release|x64.Build.0 = Release|Any CPU
		{A3BB3603-6438-4D99-992B-278CA8E54868}.Release|x86.ActiveCfg = Release|Any CPU
		{A3BB3603-6438-4D99-992B-278CA8E54868}.Release|x86.Build.0 = Release|Any CPU
		{FEE1E01B-4A1F-41AF-B8B3-F596D9FFD00C}.Debug|Any CPU.ActiveCfg = Debug|Any CPU
		{FEE1E01B-4A1F-41AF-B8B3-F596D9FFD00C}.Debug|Any CPU.Build.0 = Debug|Any CPU
		{FEE1E01B-4A1F-41AF-B8B3-F596D9FFD00C}.Debug|x64.ActiveCfg = Debug|Any CPU
		{FEE1E01B-4A1F-41AF-B8B3-F596D9FFD00C}.Debug|x64.Build.0 = Debug|Any CPU
		{FEE1E01B-4A1F-41AF-B8B3-F596D9FFD00C}.Debug|x86.ActiveCfg = Debug|Any CPU
		{FEE1E01B-4A1F-41AF-B8B3-F596D9FFD00C}.Debug|x86.Build.0 = Debug|Any CPU
		{FEE1E01B-4A1F-41AF-B8B3-F596D9FFD00C}.Release|Any CPU.ActiveCfg = Release|Any CPU
		{FEE1E01B-4A1F-41AF-B8B3-F596D9FFD00C}.Release|Any CPU.Build.0 = Release|Any CPU
		{FEE1E01B-4A1F-41AF-B8B3-F596D9FFD00C}.Release|x64.ActiveCfg = Release|Any CPU
		{FEE1E01B-4A1F-41AF-B8B3-F596D9FFD00C}.Release|x64.Build.0 = Release|Any CPU
		{FEE1E01B-4A1F-41AF-B8B3-F596D9FFD00C}.Release|x86.ActiveCfg = Release|Any CPU
		{FEE1E01B-4A1F-41AF-B8B3-F596D9FFD00C}.Release|x86.Build.0 = Release|Any CPU
		{83E1F4A1-DBC7-4BC9-9261-3C7DD1E184EC}.Debug|Any CPU.ActiveCfg = Debug|Any CPU
		{83E1F4A1-DBC7-4BC9-9261-3C7DD1E184EC}.Debug|Any CPU.Build.0 = Debug|Any CPU
		{83E1F4A1-DBC7-4BC9-9261-3C7DD1E184EC}.Debug|x64.ActiveCfg = Debug|Any CPU
		{83E1F4A1-DBC7-4BC9-9261-3C7DD1E184EC}.Debug|x64.Build.0 = Debug|Any CPU
		{83E1F4A1-DBC7-4BC9-9261-3C7DD1E184EC}.Debug|x86.ActiveCfg = Debug|Any CPU
		{83E1F4A1-DBC7-4BC9-9261-3C7DD1E184EC}.Debug|x86.Build.0 = Debug|Any CPU
		{83E1F4A1-DBC7-4BC9-9261-3C7DD1E184EC}.Release|Any CPU.ActiveCfg = Release|Any CPU
		{83E1F4A1-DBC7-4BC9-9261-3C7DD1E184EC}.Release|Any CPU.Build.0 = Release|Any CPU
		{83E1F4A1-DBC7-4BC9-9261-3C7DD1E184EC}.Release|x64.ActiveCfg = Release|Any CPU
		{83E1F4A1-DBC7-4BC9-9261-3C7DD1E184EC}.Release|x64.Build.0 = Release|Any CPU
		{83E1F4A1-DBC7-4BC9-9261-3C7DD1E184EC}.Release|x86.ActiveCfg = Release|Any CPU
		{83E1F4A1-DBC7-4BC9-9261-3C7DD1E184EC}.Release|x86.Build.0 = Release|Any CPU
		{1A3C88E2-C1F3-4254-95D5-65874ADCF14C}.Debug|Any CPU.ActiveCfg = Debug|Any CPU
		{1A3C88E2-C1F3-4254-95D5-65874ADCF14C}.Debug|Any CPU.Build.0 = Debug|Any CPU
		{1A3C88E2-C1F3-4254-95D5-65874ADCF14C}.Debug|x64.ActiveCfg = Debug|Any CPU
		{1A3C88E2-C1F3-4254-95D5-65874ADCF14C}.Debug|x64.Build.0 = Debug|Any CPU
		{1A3C88E2-C1F3-4254-95D5-65874ADCF14C}.Debug|x86.ActiveCfg = Debug|Any CPU
		{1A3C88E2-C1F3-4254-95D5-65874ADCF14C}.Debug|x86.Build.0 = Debug|Any CPU
		{1A3C88E2-C1F3-4254-95D5-65874ADCF14C}.Release|Any CPU.ActiveCfg = Release|Any CPU
		{1A3C88E2-C1F3-4254-95D5-65874ADCF14C}.Release|Any CPU.Build.0 = Release|Any CPU
		{1A3C88E2-C1F3-4254-95D5-65874ADCF14C}.Release|x64.ActiveCfg = Release|Any CPU
		{1A3C88E2-C1F3-4254-95D5-65874ADCF14C}.Release|x64.Build.0 = Release|Any CPU
		{1A3C88E2-C1F3-4254-95D5-65874ADCF14C}.Release|x86.ActiveCfg = Release|Any CPU
		{1A3C88E2-C1F3-4254-95D5-65874ADCF14C}.Release|x86.Build.0 = Release|Any CPU
		{2EDF89D8-E151-4177-9113-86670257522C}.Debug|Any CPU.ActiveCfg = Debug|Any CPU
		{2EDF89D8-E151-4177-9113-86670257522C}.Debug|Any CPU.Build.0 = Debug|Any CPU
		{2EDF89D8-E151-4177-9113-86670257522C}.Debug|x64.ActiveCfg = Debug|Any CPU
		{2EDF89D8-E151-4177-9113-86670257522C}.Debug|x64.Build.0 = Debug|Any CPU
		{2EDF89D8-E151-4177-9113-86670257522C}.Debug|x86.ActiveCfg = Debug|Any CPU
		{2EDF89D8-E151-4177-9113-86670257522C}.Debug|x86.Build.0 = Debug|Any CPU
		{2EDF89D8-E151-4177-9113-86670257522C}.Release|Any CPU.ActiveCfg = Release|Any CPU
		{2EDF89D8-E151-4177-9113-86670257522C}.Release|Any CPU.Build.0 = Release|Any CPU
		{2EDF89D8-E151-4177-9113-86670257522C}.Release|x64.ActiveCfg = Release|Any CPU
		{2EDF89D8-E151-4177-9113-86670257522C}.Release|x64.Build.0 = Release|Any CPU
		{2EDF89D8-E151-4177-9113-86670257522C}.Release|x86.ActiveCfg = Release|Any CPU
		{2EDF89D8-E151-4177-9113-86670257522C}.Release|x86.Build.0 = Release|Any CPU
	EndGlobalSection
	GlobalSection(SolutionProperties) = preSolution
		HideSolutionNode = FALSE
	EndGlobalSection
EndGlobal
