
Microsoft Visual Studio Solution File, Format Version 12.00
# Visual Studio Version 17
VisualStudioVersion = 17.0.31903.59
MinimumVisualStudioVersion = 10.0.40219.1
Project("{2150E333-8FDC-42A3-9474-1A3956D46DE8}") = "src", "src", "{827E0CD3-B72D-47B6-A68D-7590B98EB39B}"
EndProject
Project("{FAE04EC0-301F-11D3-BF4B-00C04F79EFBC}") = "ArenaBuilder.Core", "src\ArenaBuilder.Core\ArenaBuilder.Core.csproj", "{E368E97E-C7DA-4923-8E42-C6180FD398BE}"
EndProject
Project("{FAE04EC0-301F-11D3-BF4B-00C04F79EFBC}") = "ArenaBuilder.Cli", "src\ArenaBuilder.Cli\ArenaBuilder.Cli.csproj", "{9F7C880C-7B15-484E-BD1D-FA2FBBB1D0F4}"
EndProject
Project("{FAE04EC0-301F-11D3-BF4B-00C04F79EFBC}") = "ArenaBuilder.Glb", "src\ArenaBuilder.Glb\ArenaBuilder.Glb.csproj", "{B6D4C0A1-3C5D-4D0E-9F5D-4E1D9B2F1A11}"
EndProject
Project("{FAE04EC0-301F-11D3-BF4B-00C04F79EFBC}") = "ArenaBuilder.Tests", "test\PsgBuilder.Tests\ArenaBuilder.Tests.csproj", "{9E3D8F8D-AB7A-43EE-A522-A3C12BA5E7D2}"
EndProject
Project("{FAE04EC0-301F-11D3-BF4B-00C04F79EFBC}") = "ArenaBuilder.Collision", "src\ArenaBuilder.Collision\ArenaBuilder.Collision.csproj", "{A1B2C3D4-E5F6-7890-ABCD-EF1234567890}"
EndProject
Project("{FAE04EC0-301F-11D3-BF4B-00C04F79EFBC}") = "ArenaBuilder.Mesh", "src\ArenaBuilder.Mesh\ArenaBuilder.Mesh.csproj", "{D1E2F3A4-B5C6-4D7E-8F9A-0B1C2D3E4F5A}"
EndProject
Project("{FAE04EC0-301F-11D3-BF4B-00C04F79EFBC}") = "ArenaBuilder.WinForms", "src\\ArenaBuilder.WinForms\\ArenaBuilder.WinForms.csproj", "{2C4E5F5D-0A5F-4D4B-8E6E-0D0B8D0C1E0E}"
EndProject
Project("{FAE04EC0-301F-11D3-BF4B-00C04F79EFBC}") = "ArenaBuilder.Texture", "src\ArenaBuilder.Texture\ArenaBuilder.Texture.csproj", "{F1A2B3C4-D5E6-7890-1234-567890ABCDEF}"
EndProject
Project("{FAE04EC0-301F-11D3-BF4B-00C04F79EFBC}") = "ArenaBuilder.Build", "src\ArenaBuilder.Build\ArenaBuilder.Build.csproj", "{FDC1F948-CA1E-4140-9BF6-4A35352A238F}"
EndProject
Project("{FAE04EC0-301F-11D3-BF4B-00C04F79EFBC}") = "ArenaBuilder.NavPower", "src\ArenaBuilder.NavPower\ArenaBuilder.NavPower.csproj", "{7FC46ECF-518D-4D13-83B4-2E1857B052DC}"
EndProject
Project("{FAE04EC0-301F-11D3-BF4B-00C04F79EFBC}") = "ArenaBuilder.WorldPainter", "src\ArenaBuilder.WorldPainter\ArenaBuilder.WorldPainter.csproj", "{EBD7F4B1-B6CA-4252-BFC9-D52AE1F62676}"
EndProject
Global
	GlobalSection(SolutionConfigurationPlatforms) = preSolution
		Debug|Any CPU = Debug|Any CPU
		Debug|x64 = Debug|x64
		Debug|x86 = Debug|x86
		Release|Any CPU = Release|Any CPU
		Release|x64 = Release|x64
		Release|x86 = Release|x86
	EndGlobalSection
	GlobalSection(ProjectConfigurationPlatforms) = postSolution
		{E368E97E-C7DA-4923-8E42-C6180FD398BE}.Debug|Any CPU.ActiveCfg = Debug|Any CPU
		{E368E97E-C7DA-4923-8E42-C6180FD398BE}.Debug|Any CPU.Build.0 = Debug|Any CPU
		{E368E97E-C7DA-4923-8E42-C6180FD398BE}.Debug|x64.ActiveCfg = Debug|Any CPU
		{E368E97E-C7DA-4923-8E42-C6180FD398BE}.Debug|x64.Build.0 = Debug|Any CPU
		{E368E97E-C7DA-4923-8E42-C6180FD398BE}.Debug|x86.ActiveCfg = Debug|Any CPU
		{E368E97E-C7DA-4923-8E42-C6180FD398BE}.Debug|x86.Build.0 = Debug|Any CPU
		{E368E97E-C7DA-4923-8E42-C6180FD398BE}.Release|Any CPU.ActiveCfg = Release|Any CPU
		{E368E97E-C7DA-4923-8E42-C6180FD398BE}.Release|Any CPU.Build.0 = Release|Any CPU
		{E368E97E-C7DA-4923-8E42-C6180FD398BE}.Release|x64.ActiveCfg = Release|Any CPU
		{E368E97E-C7DA-4923-8E42-C6180FD398BE}.Release|x64.Build.0 = Release|Any CPU
		{E368E97E-C7DA-4923-8E42-C6180FD398BE}.Release|x86.ActiveCfg = Release|Any CPU
		{E368E97E-C7DA-4923-8E42-C6180FD398BE}.Release|x86.Build.0 = Release|Any CPU
		{9F7C880C-7B15-484E-BD1D-FA2FBBB1D0F4}.Debug|Any CPU.ActiveCfg = Debug|Any CPU
		{9F7C880C-7B15-484E-BD1D-FA2FBBB1D0F4}.Debug|Any CPU.Build.0 = Debug|Any CPU
		{9F7C880C-7B15-484E-BD1D-FA2FBBB1D0F4}.Debug|x64.ActiveCfg = Debug|Any CPU
		{9F7C880C-7B15-484E-BD1D-FA2FBBB1D0F4}.Debug|x64.Build.0 = Debug|Any CPU
		{9F7C880C-7B15-484E-BD1D-FA2FBBB1D0F4}.Debug|x86.ActiveCfg = Debug|Any CPU
		{9F7C880C-7B15-484E-BD1D-FA2FBBB1D0F4}.Debug|x86.Build.0 = Debug|Any CPU
		{9F7C880C-7B15-484E-BD1D-FA2FBBB1D0F4}.Release|Any CPU.ActiveCfg = Release|Any CPU
		{9F7C880C-7B15-484E-BD1D-FA2FBBB1D0F4}.Release|Any CPU.Build.0 = Release|Any CPU
		{9F7C880C-7B15-484E-BD1D-FA2FBBB1D0F4}.Release|x64.ActiveCfg = Release|Any CPU
		{9F7C880C-7B15-484E-BD1D-FA2FBBB1D0F4}.Release|x64.Build.0 = Release|Any CPU
		{9F7C880C-7B15-484E-BD1D-FA2FBBB1D0F4}.Release|x86.ActiveCfg = Release|Any CPU
		{9F7C880C-7B15-484E-BD1D-FA2FBBB1D0F4}.Release|x86.Build.0 = Release|Any CPU
		{B6D4C0A1-3C5D-4D0E-9F5D-4E1D9B2F1A11}.Debug|Any CPU.ActiveCfg = Debug|Any CPU
		{B6D4C0A1-3C5D-4D0E-9F5D-4E1D9B2F1A11}.Debug|Any CPU.Build.0 = Debug|Any CPU
		{B6D4C0A1-3C5D-4D0E-9F5D-4E1D9B2F1A11}.Debug|x64.ActiveCfg = Debug|Any CPU
		{B6D4C0A1-3C5D-4D0E-9F5D-4E1D9B2F1A11}.Debug|x64.Build.0 = Debug|Any CPU
		{B6D4C0A1-3C5D-4D0E-9F5D-4E1D9B2F1A11}.Debug|x86.ActiveCfg = Debug|Any CPU
		{B6D4C0A1-3C5D-4D0E-9F5D-4E1D9B2F1A11}.Debug|x86.Build.0 = Debug|Any CPU
		{B6D4C0A1-3C5D-4D0E-9F5D-4E1D9B2F1A11}.Release|Any CPU.ActiveCfg = Release|Any CPU
		{B6D4C0A1-3C5D-4D0E-9F5D-4E1D9B2F1A11}.Release|Any CPU.Build.0 = Release|Any CPU
		{B6D4C0A1-3C5D-4D0E-9F5D-4E1D9B2F1A11}.Release|x64.ActiveCfg = Release|Any CPU
		{B6D4C0A1-3C5D-4D0E-9F5D-4E1D9B2F1A11}.Release|x64.Build.0 = Release|Any CPU
		{B6D4C0A1-3C5D-4D0E-9F5D-4E1D9B2F1A11}.Release|x86.ActiveCfg = Release|Any CPU
		{B6D4C0A1-3C5D-4D0E-9F5D-4E1D9B2F1A11}.Release|x86.Build.0 = Release|Any CPU
		{9E3D8F8D-AB7A-43EE-A522-A3C12BA5E7D2}.Debug|Any CPU.ActiveCfg = Debug|Any CPU
		{9E3D8F8D-AB7A-43EE-A522-A3C12BA5E7D2}.Debug|Any CPU.Build.0 = Debug|Any CPU
		{9E3D8F8D-AB7A-43EE-A522-A3C12BA5E7D2}.Debug|x64.ActiveCfg = Debug|Any CPU
		{9E3D8F8D-AB7A-43EE-A522-A3C12BA5E7D2}.Debug|x64.Build.0 = Debug|Any CPU
		{9E3D8F8D-AB7A-43EE-A522-A3C12BA5E7D2}.Debug|x86.ActiveCfg = Debug|Any CPU
		{9E3D8F8D-AB7A-43EE-A522-A3C12BA5E7D2}.Debug|x86.Build.0 = Debug|Any CPU
		{9E3D8F8D-AB7A-43EE-A522-A3C12BA5E7D2}.Release|Any CPU.ActiveCfg = Release|Any CPU
		{9E3D8F8D-AB7A-43EE-A522-A3C12BA5E7D2}.Release|Any CPU.Build.0 = Release|Any CPU
		{9E3D8F8D-AB7A-43EE-A522-A3C12BA5E7D2}.Release|x64.ActiveCfg = Release|Any CPU
		{9E3D8F8D-AB7A-43EE-A522-A3C12BA5E7D2}.Release|x64.Build.0 = Release|Any CPU
		{9E3D8F8D-AB7A-43EE-A522-A3C12BA5E7D2}.Release|x86.ActiveCfg = Release|Any CPU
		{9E3D8F8D-AB7A-43EE-A522-A3C12BA5E7D2}.Release|x86.Build.0 = Release|Any CPU
		{A1B2C3D4-E5F6-7890-ABCD-EF1234567890}.Debug|Any CPU.ActiveCfg = Debug|Any CPU
		{A1B2C3D4-E5F6-7890-ABCD-EF1234567890}.Debug|Any CPU.Build.0 = Debug|Any CPU
		{A1B2C3D4-E5F6-7890-ABCD-EF1234567890}.Debug|x64.ActiveCfg = Debug|Any CPU
		{A1B2C3D4-E5F6-7890-ABCD-EF1234567890}.Debug|x64.Build.0 = Debug|Any CPU
		{A1B2C3D4-E5F6-7890-ABCD-EF1234567890}.Debug|x86.ActiveCfg = Debug|Any CPU
		{A1B2C3D4-E5F6-7890-ABCD-EF1234567890}.Debug|x86.Build.0 = Debug|Any CPU
		{A1B2C3D4-E5F6-7890-ABCD-EF1234567890}.Release|Any CPU.ActiveCfg = Release|Any CPU
		{A1B2C3D4-E5F6-7890-ABCD-EF1234567890}.Release|Any CPU.Build.0 = Release|Any CPU
		{A1B2C3D4-E5F6-7890-ABCD-EF1234567890}.Release|x64.ActiveCfg = Release|Any CPU
		{A1B2C3D4-E5F6-7890-ABCD-EF1234567890}.Release|x64.Build.0 = Release|Any CPU
		{A1B2C3D4-E5F6-7890-ABCD-EF1234567890}.Release|x86.ActiveCfg = Release|Any CPU
		{A1B2C3D4-E5F6-7890-ABCD-EF1234567890}.Release|x86.Build.0 = Release|Any CPU
		{D1E2F3A4-B5C6-4D7E-8F9A-0B1C2D3E4F5A}.Debug|Any CPU.ActiveCfg = Debug|Any CPU
		{D1E2F3A4-B5C6-4D7E-8F9A-0B1C2D3E4F5A}.Debug|Any CPU.Build.0 = Debug|Any CPU
		{D1E2F3A4-B5C6-4D7E-8F9A-0B1C2D3E4F5A}.Debug|x64.ActiveCfg = Debug|Any CPU
		{D1E2F3A4-B5C6-4D7E-8F9A-0B1C2D3E4F5A}.Debug|x64.Build.0 = Debug|Any CPU
		{D1E2F3A4-B5C6-4D7E-8F9A-0B1C2D3E4F5A}.Debug|x86.ActiveCfg = Debug|Any CPU
		{D1E2F3A4-B5C6-4D7E-8F9A-0B1C2D3E4F5A}.Debug|x86.Build.0 = Debug|Any CPU
		{D1E2F3A4-B5C6-4D7E-8F9A-0B1C2D3E4F5A}.Release|Any CPU.ActiveCfg = Release|Any CPU
		{D1E2F3A4-B5C6-4D7E-8F9A-0B1C2D3E4F5A}.Release|Any CPU.Build.0 = Release|Any CPU
		{D1E2F3A4-B5C6-4D7E-8F9A-0B1C2D3E4F5A}.Release|x64.ActiveCfg = Release|Any CPU
		{D1E2F3A4-B5C6-4D7E-8F9A-0B1C2D3E4F5A}.Release|x64.Build.0 = Release|Any CPU
		{D1E2F3A4-B5C6-4D7E-8F9A-0B1C2D3E4F5A}.Release|x86.ActiveCfg = Release|Any CPU
		{D1E2F3A4-B5C6-4D7E-8F9A-0B1C2D3E4F5A}.Release|x86.Build.0 = Release|Any CPU
		{2C4E5F5D-0A5F-4D4B-8E6E-0D0B8D0C1E0E}.Debug|Any CPU.ActiveCfg = Debug|Any CPU
		{2C4E5F5D-0A5F-4D4B-8E6E-0D0B8D0C1E0E}.Debug|Any CPU.Build.0 = Debug|Any CPU
		{2C4E5F5D-0A5F-4D4B-8E6E-0D0B8D0C1E0E}.Debug|x64.ActiveCfg = Debug|Any CPU
		{2C4E5F5D-0A5F-4D4B-8E6E-0D0B8D0C1E0E}.Debug|x64.Build.0 = Debug|Any CPU
		{2C4E5F5D-0A5F-4D4B-8E6E-0D0B8D0C1E0E}.Debug|x86.ActiveCfg = Debug|Any CPU
		{2C4E5F5D-0A5F-4D4B-8E6E-0D0B8D0C1E0E}.Debug|x86.Build.0 = Debug|Any CPU
		{2C4E5F5D-0A5F-4D4B-8E6E-0D0B8D0C1E0E}.Release|Any CPU.ActiveCfg = Release|Any CPU
		{2C4E5F5D-0A5F-4D4B-8E6E-0D0B8D0C1E0E}.Release|Any CPU.Build.0 = Release|Any CPU
		{2C4E5F5D-0A5F-4D4B-8E6E-0D0B8D0C1E0E}.Release|x64.ActiveCfg = Release|Any CPU
		{2C4E5F5D-0A5F-4D4B-8E6E-0D0B8D0C1E0E}.Release|x64.Build.0 = Release|Any CPU
		{2C4E5F5D-0A5F-4D4B-8E6E-0D0B8D0C1E0E}.Release|x86.ActiveCfg = Release|Any CPU
		{2C4E5F5D-0A5F-4D4B-8E6E-0D0B8D0C1E0E}.Release|x86.Build.0 = Release|Any CPU
		{F1A2B3C4-D5E6-7890-1234-567890ABCDEF}.Debug|Any CPU.ActiveCfg = Debug|Any CPU
		{F1A2B3C4-D5E6-7890-1234-567890ABCDEF}.Debug|Any CPU.Build.0 = Debug|Any CPU
		{F1A2B3C4-D5E6-7890-1234-567890ABCDEF}.Debug|x64.ActiveCfg = Debug|Any CPU
		{F1A2B3C4-D5E6-7890-1234-567890ABCDEF}.Debug|x64.Build.0 = Debug|Any CPU
		{F1A2B3C4-D5E6-7890-1234-567890ABCDEF}.Debug|x86.ActiveCfg = Debug|Any CPU
		{F1A2B3C4-D5E6-7890-1234-567890ABCDEF}.Debug|x86.Build.0 = Debug|Any CPU
		{F1A2B3C4-D5E6-7890-1234-567890ABCDEF}.Release|Any CPU.ActiveCfg = Release|Any CPU
		{F1A2B3C4-D5E6-7890-1234-567890ABCDEF}.Release|Any CPU.Build.0 = Release|Any CPU
		{F1A2B3C4-D5E6-7890-1234-567890ABCDEF}.Release|x64.ActiveCfg = Release|Any CPU
		{F1A2B3C4-D5E6-7890-1234-567890ABCDEF}.Release|x64.Build.0 = Release|Any CPU
		{F1A2B3C4-D5E6-7890-1234-567890ABCDEF}.Release|x86.ActiveCfg = Release|Any CPU
		{F1A2B3C4-D5E6-7890-1234-567890ABCDEF}.Release|x86.Build.0 = Release|Any CPU
		{FDC1F948-CA1E-4140-9BF6-4A35352A238F}.Debug|Any CPU.ActiveCfg = Debug|Any CPU
		{FDC1F948-CA1E-4140-9BF6-4A35352A238F}.Debug|Any CPU.Build.0 = Debug|Any CPU
		{FDC1F948-CA1E-4140-9BF6-4A35352A238F}.Debug|x64.ActiveCfg = Debug|Any CPU
		{FDC1F948-CA1E-4140-9BF6-4A35352A238F}.Debug|x64.Build.0 = Debug|Any CPU
		{FDC1F948-CA1E-4140-9BF6-4A35352A238F}.Debug|x86.ActiveCfg = Debug|Any CPU
		{FDC1F948-CA1E-4140-9BF6-4A35352A238F}.Debug|x86.Build.0 = Debug|Any CPU
		{FDC1F948-CA1E-4140-9BF6-4A35352A238F}.Release|Any CPU.ActiveCfg = Release|Any CPU
		{FDC1F948-CA1E-4140-9BF6-4A35352A238F}.Release|Any CPU.Build.0 = Release|Any CPU
		{FDC1F948-CA1E-4140-9BF6-4A35352A238F}.Release|x64.ActiveCfg = Release|Any CPU
		{FDC1F948-CA1E-4140-9BF6-4A35352A238F}.Release|x64.Build.0 = Release|Any CPU
		{FDC1F948-CA1E-4140-9BF6-4A35352A238F}.Release|x86.ActiveCfg = Release|Any CPU
		{FDC1F948-CA1E-4140-9BF6-4A35352A238F}.Release|x86.Build.0 = Release|Any CPU
		{7FC46ECF-518D-4D13-83B4-2E1857B052DC}.Debug|Any CPU.ActiveCfg = Debug|Any CPU
		{7FC46ECF-518D-4D13-83B4-2E1857B052DC}.Debug|Any CPU.Build.0 = Debug|Any CPU
		{7FC46ECF-518D-4D13-83B4-2E1857B052DC}.Debug|x64.ActiveCfg = Debug|Any CPU
		{7FC46ECF-518D-4D13-83B4-2E1857B052DC}.Debug|x64.Build.0 = Debug|Any CPU
		{7FC46ECF-518D-4D13-83B4-2E1857B052DC}.Debug|x86.ActiveCfg = Debug|Any CPU
		{7FC46ECF-518D-4D13-83B4-2E1857B052DC}.Debug|x86.Build.0 = Debug|Any CPU
		{7FC46ECF-518D-4D13-83B4-2E1857B052DC}.Release|Any CPU.ActiveCfg = Release|Any CPU
		{7FC46ECF-518D-4D13-83B4-2E1857B052DC}.Release|Any CPU.Build.0 = Release|Any CPU
		{7FC46ECF-518D-4D13-83B4-2E1857B052DC}.Release|x64.ActiveCfg = Release|Any CPU
		{7FC46ECF-518D-4D13-83B4-2E1857B052DC}.Release|x64.Build.0 = Release|Any CPU
		{7FC46ECF-518D-4D13-83B4-2E1857B052DC}.Release|x86.ActiveCfg = Release|Any CPU
		{7FC46ECF-518D-4D13-83B4-2E1857B052DC}.Release|x86.Build.0 = Release|Any CPU
		{EBD7F4B1-B6CA-4252-BFC9-D52AE1F62676}.Debug|Any CPU.ActiveCfg = Debug|Any CPU
		{EBD7F4B1-B6CA-4252-BFC9-D52AE1F62676}.Debug|Any CPU.Build.0 = Debug|Any CPU
		{EBD7F4B1-B6CA-4252-BFC9-D52AE1F62676}.Debug|x64.ActiveCfg = Debug|Any CPU
		{EBD7F4B1-B6CA-4252-BFC9-D52AE1F62676}.Debug|x64.Build.0 = Debug|Any CPU
		{EBD7F4B1-B6CA-4252-BFC9-D52AE1F62676}.Debug|x86.ActiveCfg = Debug|Any CPU
		{EBD7F4B1-B6CA-4252-BFC9-D52AE1F62676}.Debug|x86.Build.0 = Debug|Any CPU
		{EBD7F4B1-B6CA-4252-BFC9-D52AE1F62676}.Release|Any CPU.ActiveCfg = Release|Any CPU
		{EBD7F4B1-B6CA-4252-BFC9-D52AE1F62676}.Release|Any CPU.Build.0 = Release|Any CPU
		{EBD7F4B1-B6CA-4252-BFC9-D52AE1F62676}.Release|x64.ActiveCfg = Release|Any CPU
		{EBD7F4B1-B6CA-4252-BFC9-D52AE1F62676}.Release|x64.Build.0 = Release|Any CPU
		{EBD7F4B1-B6CA-4252-BFC9-D52AE1F62676}.Release|x86.ActiveCfg = Release|Any CPU
		{EBD7F4B1-B6CA-4252-BFC9-D52AE1F62676}.Release|x86.Build.0 = Release|Any CPU
	EndGlobalSection
	GlobalSection(SolutionProperties) = preSolution
		HideSolutionNode = FALSE
	EndGlobalSection
	GlobalSection(NestedProjects) = preSolution
		{E368E97E-C7DA-4923-8E42-C6180FD398BE} = {827E0CD3-B72D-47B6-A68D-7590B98EB39B}
		{9F7C880C-7B15-484E-BD1D-FA2FBBB1D0F4} = {827E0CD3-B72D-47B6-A68D-7590B98EB39B}
		{B6D4C0A1-3C5D-4D0E-9F5D-4E1D9B2F1A11} = {827E0CD3-B72D-47B6-A68D-7590B98EB39B}
		{9E3D8F8D-AB7A-43EE-A522-A3C12BA5E7D2} = {827E0CD3-B72D-47B6-A68D-7590B98EB39B}
		{A1B2C3D4-E5F6-7890-ABCD-EF1234567890} = {827E0CD3-B72D-47B6-A68D-7590B98EB39B}
		{D1E2F3A4-B5C6-4D7E-8F9A-0B1C2D3E4F5A} = {827E0CD3-B72D-47B6-A68D-7590B98EB39B}
		{2C4E5F5D-0A5F-4D4B-8E6E-0D0B8D0C1E0E} = {827E0CD3-B72D-47B6-A68D-7590B98EB39B}
		{F1A2B3C4-D5E6-7890-1234-567890ABCDEF} = {827E0CD3-B72D-47B6-A68D-7590B98EB39B}
		{FDC1F948-CA1E-4140-9BF6-4A35352A238F} = {827E0CD3-B72D-47B6-A68D-7590B98EB39B}
		{7FC46ECF-518D-4D13-83B4-2E1857B052DC} = {827E0CD3-B72D-47B6-A68D-7590B98EB39B}
		{EBD7F4B1-B6CA-4252-BFC9-D52AE1F62676} = {827E0CD3-B72D-47B6-A68D-7590B98EB39B}
	EndGlobalSection
EndGlobal
