
Microsoft Visual Studio Solution File, Format Version 12.00
# Visual Studio Version 17
VisualStudioVersion = 17.0.31903.59
MinimumVisualStudioVersion = 10.0.40219.1
Project("{FAE04EC0-301F-11D3-BF4B-00C04F79EFBC}") = "DlcBuilder.Core", "DlcBuilder.Core.csproj", "{7921F264-2AAB-4C90-8B43-740261A0F7A0}"
EndProject
Project("{FAE04EC0-301F-11D3-BF4B-00C04F79EFBC}") = "ArenaBuilder.Core", "..\ArenaBuilder Modular\src\ArenaBuilder.Core\ArenaBuilder.Core.csproj", "{7F5B4359-8DF8-412B-92EE-8E7EACCC6412}"
EndProject
Project("{FAE04EC0-301F-11D3-BF4B-00C04F79EFBC}") = "ArenaBuilder.Collision", "..\ArenaBuilder Modular\src\ArenaBuilder.Collision\ArenaBuilder.Collision.csproj", "{5511B21B-4A63-4C34-BC9A-385B6D39D60E}"
EndProject
Project("{FAE04EC0-301F-11D3-BF4B-00C04F79EFBC}") = "ArenaBuilder.Texture", "..\ArenaBuilder Modular\src\ArenaBuilder.Texture\ArenaBuilder.Texture.csproj", "{1C0F2D4B-023D-4581-A575-266610860807}"
EndProject
Global
	GlobalSection(SolutionConfigurationPlatforms) = preSolution
		Debug|Any CPU = Debug|Any CPU
		Debug|x64 = Debug|x64
		Debug|x86 = Debug|x86
		Release|Any CPU = Release|Any CPU
		Release|x64 = Release|x64
		Release|x86 = Release|x86
	EndGlobalSection
	GlobalSection(ProjectConfigurationPlatforms) = postSolution
		{7921F264-2AAB-4C90-8B43-740261A0F7A0}.Debug|Any CPU.ActiveCfg = Debug|Any CPU
		{7921F264-2AAB-4C90-8B43-740261A0F7A0}.Debug|Any CPU.Build.0 = Debug|Any CPU
		{7921F264-2AAB-4C90-8B43-740261A0F7A0}.Debug|x64.ActiveCfg = Debug|Any CPU
		{7921F264-2AAB-4C90-8B43-740261A0F7A0}.Debug|x64.Build.0 = Debug|Any CPU
		{7921F264-2AAB-4C90-8B43-740261A0F7A0}.Debug|x86.ActiveCfg = Debug|Any CPU
		{7921F264-2AAB-4C90-8B43-740261A0F7A0}.Debug|x86.Build.0 = Debug|Any CPU
		{7921F264-2AAB-4C90-8B43-740261A0F7A0}.Release|Any CPU.ActiveCfg = Release|Any CPU
		{7921F264-2AAB-4C90-8B43-740261A0F7A0}.Release|Any CPU.Build.0 = Release|Any CPU
		{7921F264-2AAB-4C90-8B43-740261A0F7A0}.Release|x64.ActiveCfg = Release|Any CPU
		{7921F264-2AAB-4C90-8B43-740261A0F7A0}.Release|x64.Build.0 = Release|Any CPU
		{7921F264-2AAB-4C90-8B43-740261A0F7A0}.Release|x86.ActiveCfg = Release|Any CPU
		{7921F264-2AAB-4C90-8B43-740261A0F7A0}.Release|x86.Build.0 = Release|Any CPU
		{7F5B4359-8DF8-412B-92EE-8E7EACCC6412}.Debug|Any CPU.ActiveCfg = Debug|Any CPU
		{7F5B4359-8DF8-412B-92EE-8E7EACCC6412}.Debug|Any CPU.Build.0 = Debug|Any CPU
		{7F5B4359-8DF8-412B-92EE-8E7EACCC6412}.Debug|x64.ActiveCfg = Debug|Any CPU
		{7F5B4359-8DF8-412B-92EE-8E7EACCC6412}.Debug|x64.Build.0 = Debug|Any CPU
		{7F5B4359-8DF8-412B-92EE-8E7EACCC6412}.Debug|x86.ActiveCfg = Debug|Any CPU
		{7F5B4359-8DF8-412B-92EE-8E7EACCC6412}.Debug|x86.Build.0 = Debug|Any CPU
		{7F5B4359-8DF8-412B-92EE-8E7EACCC6412}.Release|Any CPU.ActiveCfg = Release|Any CPU
		{7F5B4359-8DF8-412B-92EE-8E7EACCC6412}.Release|Any CPU.Build.0 = Release|Any CPU
		{7F5B4359-8DF8-412B-92EE-8E7EACCC6412}.Release|x64.ActiveCfg = Release|Any CPU
		{7F5B4359-8DF8-412B-92EE-8E7EACCC6412}.Release|x64.Build.0 = Release|Any CPU
		{7F5B4359-8DF8-412B-92EE-8E7EACCC6412}.Release|x86.ActiveCfg = Release|Any CPU
		{7F5B4359-8DF8-412B-92EE-8E7EACCC6412}.Release|x86.Build.0 = Release|Any CPU
		{5511B21B-4A63-4C34-BC9A-385B6D39D60E}.Debug|Any CPU.ActiveCfg = Debug|Any CPU
		{5511B21B-4A63-4C34-BC9A-385B6D39D60E}.Debug|Any CPU.Build.0 = Debug|Any CPU
		{5511B21B-4A63-4C34-BC9A-385B6D39D60E}.Debug|x64.ActiveCfg = Debug|Any CPU
		{5511B21B-4A63-4C34-BC9A-385B6D39D60E}.Debug|x64.Build.0 = Debug|Any CPU
		{5511B21B-4A63-4C34-BC9A-385B6D39D60E}.Debug|x86.ActiveCfg = Debug|Any CPU
		{5511B21B-4A63-4C34-BC9A-385B6D39D60E}.Debug|x86.Build.0 = Debug|Any CPU
		{5511B21B-4A63-4C34-BC9A-385B6D39D60E}.Release|Any CPU.ActiveCfg = Release|Any CPU
		{5511B21B-4A63-4C34-BC9A-385B6D39D60E}.Release|Any CPU.Build.0 = Release|Any CPU
		{5511B21B-4A63-4C34-BC9A-385B6D39D60E}.Release|x64.ActiveCfg = Release|Any CPU
		{5511B21B-4A63-4C34-BC9A-385B6D39D60E}.Release|x64.Build.0 = Release|Any CPU
		{5511B21B-4A63-4C34-BC9A-385B6D39D60E}.Release|x86.ActiveCfg = Release|Any CPU
		{5511B21B-4A63-4C34-BC9A-385B6D39D60E}.Release|x86.Build.0 = Release|Any CPU
		{1C0F2D4B-023D-4581-A575-266610860807}.Debug|Any CPU.ActiveCfg = Debug|Any CPU
		{1C0F2D4B-023D-4581-A575-266610860807}.Debug|Any CPU.Build.0 = Debug|Any CPU
		{1C0F2D4B-023D-4581-A575-266610860807}.Debug|x64.ActiveCfg = Debug|Any CPU
		{1C0F2D4B-023D-4581-A575-266610860807}.Debug|x64.Build.0 = Debug|Any CPU
		{1C0F2D4B-023D-4581-A575-266610860807}.Debug|x86.ActiveCfg = Debug|Any CPU
		{1C0F2D4B-023D-4581-A575-266610860807}.Debug|x86.Build.0 = Debug|Any CPU
		{1C0F2D4B-023D-4581-A575-266610860807}.Release|Any CPU.ActiveCfg = Release|Any CPU
		{1C0F2D4B-023D-4581-A575-266610860807}.Release|Any CPU.Build.0 = Release|Any CPU
		{1C0F2D4B-023D-4581-A575-266610860807}.Release|x64.ActiveCfg = Release|Any CPU
		{1C0F2D4B-023D-4581-A575-266610860807}.Release|x64.Build.0 = Release|Any CPU
		{1C0F2D4B-023D-4581-A575-266610860807}.Release|x86.ActiveCfg = Release|Any CPU
		{1C0F2D4B-023D-4581-A575-266610860807}.Release|x86.Build.0 = Release|Any CPU
	EndGlobalSection
	GlobalSection(SolutionProperties) = preSolution
		HideSolutionNode = FALSE
	EndGlobalSection
EndGlobal
